
Microsoft Visual Studio Solution File, Format Version 11.00
# Visual Studio 2010
Project("{FAE04EC0-301F-11D3-BF4B-00C04F79EFBC}") = "Assembly-CSharp", "Assembly-CSharp.csproj", "{b8bdc761-b8c7-03b0-3cde-dde89d8109ca}"
EndProject
Project("{FAE04EC0-301F-11D3-BF4B-00C04F79EFBC}") = "Sirenix.OdinInspector.CompatibilityLayer", "Sirenix.OdinInspector.CompatibilityLayer.csproj", "{f473bd53-c188-a88b-075b-0e5eeaf42622}"
EndProject
Project("{FAE04EC0-301F-11D3-BF4B-00C04F79EFBC}") = "Assembly-CSharp-Editor", "Assembly-CSharp-Editor.csproj", "{70af0a3c-2144-6948-7c78-2f92860ded11}"
EndProject
Project("{FAE04EC0-301F-11D3-BF4B-00C04F79EFBC}") = "Sirenix.OdinInspector.CompatibilityLayer.Editor", "Sirenix.OdinInspector.CompatibilityLayer.Editor.csproj", "{133dab6f-3dee-c827-fb58-92932a852142}"
EndProject
Project("{FAE04EC0-301F-11D3-BF4B-00C04F79EFBC}") = "Assembly-CSharp-firstpass", "Assembly-CSharp-firstpass.csproj", "{162a1298-0fe7-2e2a-8896-1f550eeae252}"
EndProject
Project("{FAE04EC0-301F-11D3-BF4B-00C04F79EFBC}") = "Assembly-CSharp-Editor-firstpass", "Assembly-CSharp-Editor-firstpass.csproj", "{9e984379-1e35-1426-1267-340b1c6a5a11}"
EndProject
Global
	GlobalSection(SolutionConfigurationPlatforms) = preSolution
		Debug|Any CPU = Debug|Any CPU
	EndGlobalSection
	GlobalSection(ProjectConfigurationPlatforms) = postSolution
		{b8bdc761-b8c7-03b0-3cde-dde89d8109ca}.Debug|Any CPU.ActiveCfg = Debug|Any CPU
		{b8bdc761-b8c7-03b0-3cde-dde89d8109ca}.Debug|Any CPU.Build.0 = Debug|Any CPU
		{f473bd53-c188-a88b-075b-0e5eeaf42622}.Debug|Any CPU.ActiveCfg = Debug|Any CPU
		{f473bd53-c188-a88b-075b-0e5eeaf42622}.Debug|Any CPU.Build.0 = Debug|Any CPU
		{70af0a3c-2144-6948-7c78-2f92860ded11}.Debug|Any CPU.ActiveCfg = Debug|Any CPU
		{70af0a3c-2144-6948-7c78-2f92860ded11}.Debug|Any CPU.Build.0 = Debug|Any CPU
		{133dab6f-3dee-c827-fb58-92932a852142}.Debug|Any CPU.ActiveCfg = Debug|Any CPU
		{133dab6f-3dee-c827-fb58-92932a852142}.Debug|Any CPU.Build.0 = Debug|Any CPU
		{162a1298-0fe7-2e2a-8896-1f550eeae252}.Debug|Any CPU.ActiveCfg = Debug|Any CPU
		{162a1298-0fe7-2e2a-8896-1f550eeae252}.Debug|Any CPU.Build.0 = Debug|Any CPU
		{9e984379-1e35-1426-1267-340b1c6a5a11}.Debug|Any CPU.ActiveCfg = Debug|Any CPU
		{9e984379-1e35-1426-1267-340b1c6a5a11}.Debug|Any CPU.Build.0 = Debug|Any CPU
	EndGlobalSection
	GlobalSection(SolutionProperties) = preSolution
		HideSolutionNode = FALSE
	EndGlobalSection
EndGlobal
